
Microsoft Visual Studio Solution File, Format Version 12.00
# Visual Studio 15
VisualStudioVersion = 15.0.27004.2008
MinimumVisualStudioVersion = 10.0.40219.1
Project("{FAE04EC0-301F-11D3-BF4B-00C04F79EFBC}") = "DependencyInjectionUsingCastleWindsor", "DependencyInjectionUsingCastleWindsor.csproj", "{42195B60-355B-45A7-B7BA-B9F0834E4CEB}"
EndProject
Global
	GlobalSection(SolutionConfigurationPlatforms) = preSolution
		Debug|Any CPU = Debug|Any CPU
		Release|Any CPU = Release|Any CPU
	EndGlobalSection
	GlobalSection(ProjectConfigurationPlatforms) = postSolution
		{42195B60-355B-45A7-B7BA-B9F0834E4CEB}.Debug|Any CPU.ActiveCfg = Debug|Any CPU
		{42195B60-355B-45A7-B7BA-B9F0834E4CEB}.Debug|Any CPU.Build.0 = Debug|Any CPU
		{42195B60-355B-45A7-B7BA-B9F0834E4CEB}.Release|Any CPU.ActiveCfg = Release|Any CPU
		{42195B60-355B-45A7-B7BA-B9F0834E4CEB}.Release|Any CPU.Build.0 = Release|Any CPU
	EndGlobalSection
	GlobalSection(SolutionProperties) = preSolution
		HideSolutionNode = FALSE
	EndGlobalSection
	GlobalSection(ExtensibilityGlobals) = postSolution
		SolutionGuid = {44F819A7-ACE4-41D7-9C2B-4BAB9F49825D}
	EndGlobalSection
EndGlobal
